
Microsoft Visual Studio Solution File, Format Version 12.00
# Visual Studio Version 16
VisualStudioVersion = 16.0.30611.23
MinimumVisualStudioVersion = 10.0.40219.1
Project("{FAE04EC0-301F-11D3-BF4B-00C04F79EFBC}") = "Lotto", "Lotto\Lotto.csproj", "{24593874-DE21-44A1-86B2-2F060ABB86B5}"
EndProject
Global
	GlobalSection(SolutionConfigurationPlatforms) = preSolution
		Debug|Any CPU = Debug|Any CPU
		Release|Any CPU = Release|Any CPU
	EndGlobalSection
	GlobalSection(ProjectConfigurationPlatforms) = postSolution
		{24593874-DE21-44A1-86B2-2F060ABB86B5}.Debug|Any CPU.ActiveCfg = Debug|Any CPU
		{24593874-DE21-44A1-86B2-2F060ABB86B5}.Debug|Any CPU.Build.0 = Debug|Any CPU
		{24593874-DE21-44A1-86B2-2F060ABB86B5}.Release|Any CPU.ActiveCfg = Release|Any CPU
		{24593874-DE21-44A1-86B2-2F060ABB86B5}.Release|Any CPU.Build.0 = Release|Any CPU
	EndGlobalSection
	GlobalSection(SolutionProperties) = preSolution
		HideSolutionNode = FALSE
	EndGlobalSection
	GlobalSection(ExtensibilityGlobals) = postSolution
		SolutionGuid = {AB9539C6-93BA-4F7F-A2DA-3E1C4FEAB409}
	EndGlobalSection
EndGlobal
